
Microsoft Visual Studio Solution File, Format Version 12.00
# Visual Studio Version 17
VisualStudioVersion = 17.0.32014.148
MinimumVisualStudioVersion = 10.0.40219.1
Project("{FAE04EC0-301F-11D3-BF4B-00C04F79EFBC}") = "DaemonEngine", "DaemonEngine\DaemonEngine.csproj", "{C6B3C1A9-9288-4631-8B18-EBA113A868BF}"
EndProject
Project("{FAE04EC0-301F-11D3-BF4B-00C04F79EFBC}") = "Sandbox", "Sandbox\Sandbox.csproj", "{9C2F0AEE-4C4E-4364-ACCA-C37D97DE8CCC}"
EndProject
Project("{FAE04EC0-301F-11D3-BF4B-00C04F79EFBC}") = "DaemonEngine.Extensions.Glfw", "DaemonEngine.Extensions.Glfw\DaemonEngine.Extensions.Glfw.csproj", "{0E58AAE0-1D79-4D1E-8E3F-391B4BBDE07F}"
EndProject
Project("{FAE04EC0-301F-11D3-BF4B-00C04F79EFBC}") = "DaemonEngine.Graphics", "DaemonEngine.Graphics\DaemonEngine.Graphics.csproj", "{EC9B29F7-4E18-47BB-9D1D-F3341BB31F94}"
EndProject
Project("{FAE04EC0-301F-11D3-BF4B-00C04F79EFBC}") = "DaemonEngine.Abstractions", "DaemonEngine.Abstractions\DaemonEngine.Abstractions.csproj", "{E5906F3A-F69A-4310-A523-0966C4B238CF}"
EndProject
Global
	GlobalSection(SolutionConfigurationPlatforms) = preSolution
		Debug|Any CPU = Debug|Any CPU
		Release|Any CPU = Release|Any CPU
	EndGlobalSection
	GlobalSection(ProjectConfigurationPlatforms) = postSolution
		{C6B3C1A9-9288-4631-8B18-EBA113A868BF}.Debug|Any CPU.ActiveCfg = Debug|Any CPU
		{C6B3C1A9-9288-4631-8B18-EBA113A868BF}.Debug|Any CPU.Build.0 = Debug|Any CPU
		{C6B3C1A9-9288-4631-8B18-EBA113A868BF}.Release|Any CPU.ActiveCfg = Release|Any CPU
		{C6B3C1A9-9288-4631-8B18-EBA113A868BF}.Release|Any CPU.Build.0 = Release|Any CPU
		{9C2F0AEE-4C4E-4364-ACCA-C37D97DE8CCC}.Debug|Any CPU.ActiveCfg = Debug|Any CPU
		{9C2F0AEE-4C4E-4364-ACCA-C37D97DE8CCC}.Debug|Any CPU.Build.0 = Debug|Any CPU
		{9C2F0AEE-4C4E-4364-ACCA-C37D97DE8CCC}.Release|Any CPU.ActiveCfg = Release|Any CPU
		{9C2F0AEE-4C4E-4364-ACCA-C37D97DE8CCC}.Release|Any CPU.Build.0 = Release|Any CPU
		{0E58AAE0-1D79-4D1E-8E3F-391B4BBDE07F}.Debug|Any CPU.ActiveCfg = Debug|Any CPU
		{0E58AAE0-1D79-4D1E-8E3F-391B4BBDE07F}.Debug|Any CPU.Build.0 = Debug|Any CPU
		{0E58AAE0-1D79-4D1E-8E3F-391B4BBDE07F}.Release|Any CPU.ActiveCfg = Release|Any CPU
		{0E58AAE0-1D79-4D1E-8E3F-391B4BBDE07F}.Release|Any CPU.Build.0 = Release|Any CPU
		{EC9B29F7-4E18-47BB-9D1D-F3341BB31F94}.Debug|Any CPU.ActiveCfg = Debug|Any CPU
		{EC9B29F7-4E18-47BB-9D1D-F3341BB31F94}.Debug|Any CPU.Build.0 = Debug|Any CPU
		{EC9B29F7-4E18-47BB-9D1D-F3341BB31F94}.Release|Any CPU.ActiveCfg = Release|Any CPU
		{EC9B29F7-4E18-47BB-9D1D-F3341BB31F94}.Release|Any CPU.Build.0 = Release|Any CPU
		{E5906F3A-F69A-4310-A523-0966C4B238CF}.Debug|Any CPU.ActiveCfg = Debug|Any CPU
		{E5906F3A-F69A-4310-A523-0966C4B238CF}.Debug|Any CPU.Build.0 = Debug|Any CPU
		{E5906F3A-F69A-4310-A523-0966C4B238CF}.Release|Any CPU.ActiveCfg = Release|Any CPU
		{E5906F3A-F69A-4310-A523-0966C4B238CF}.Release|Any CPU.Build.0 = Release|Any CPU
	EndGlobalSection
	GlobalSection(SolutionProperties) = preSolution
		HideSolutionNode = FALSE
	EndGlobalSection
	GlobalSection(ExtensibilityGlobals) = postSolution
		SolutionGuid = {3D9C6F4C-58BB-43A6-945D-F264D911A773}
	EndGlobalSection
EndGlobal
